
Microsoft Visual Studio Solution File, Format Version 12.00
# Visual Studio 15
VisualStudioVersion = 15.0.28307.1401
MinimumVisualStudioVersion = 10.0.40219.1
Project("{FAE04EC0-301F-11D3-BF4B-00C04F79EFBC}") = "dzOOP1", "dzOOP1\dzOOP1.csproj", "{7C4C3A11-D3C8-4A45-A3DE-911AFC072F93}"
EndProject
Project("{FAE04EC0-301F-11D3-BF4B-00C04F79EFBC}") = "ClassLibrary1", "ClassLibrary1\ClassLibrary1.csproj", "{9434C14C-881F-4675-8A8D-56C836A75106}"
EndProject
Global
	GlobalSection(SolutionConfigurationPlatforms) = preSolution
		Debug|Any CPU = Debug|Any CPU
		Release|Any CPU = Release|Any CPU
	EndGlobalSection
	GlobalSection(ProjectConfigurationPlatforms) = postSolution
		{7C4C3A11-D3C8-4A45-A3DE-911AFC072F93}.Debug|Any CPU.ActiveCfg = Debug|Any CPU
		{7C4C3A11-D3C8-4A45-A3DE-911AFC072F93}.Debug|Any CPU.Build.0 = Debug|Any CPU
		{7C4C3A11-D3C8-4A45-A3DE-911AFC072F93}.Release|Any CPU.ActiveCfg = Release|Any CPU
		{7C4C3A11-D3C8-4A45-A3DE-911AFC072F93}.Release|Any CPU.Build.0 = Release|Any CPU
		{9434C14C-881F-4675-8A8D-56C836A75106}.Debug|Any CPU.ActiveCfg = Debug|Any CPU
		{9434C14C-881F-4675-8A8D-56C836A75106}.Debug|Any CPU.Build.0 = Debug|Any CPU
		{9434C14C-881F-4675-8A8D-56C836A75106}.Release|Any CPU.ActiveCfg = Release|Any CPU
		{9434C14C-881F-4675-8A8D-56C836A75106}.Release|Any CPU.Build.0 = Release|Any CPU
	EndGlobalSection
	GlobalSection(SolutionProperties) = preSolution
		HideSolutionNode = FALSE
	EndGlobalSection
	GlobalSection(ExtensibilityGlobals) = postSolution
		SolutionGuid = {092A27EB-C534-4461-8048-1BF2BAF3687D}
	EndGlobalSection
EndGlobal
