
Microsoft Visual Studio Solution File, Format Version 12.00
# Visual Studio 15
VisualStudioVersion = 15.0.28307.1401
MinimumVisualStudioVersion = 10.0.40219.1
Project("{FAE04EC0-301F-11D3-BF4B-00C04F79EFBC}") = "WeatherPrognosis", "WeatherPrognosis\WeatherPrognosis.csproj", "{D6D3C922-9F25-436E-BA64-F55C9C327D64}"
EndProject
Project("{FAE04EC0-301F-11D3-BF4B-00C04F79EFBC}") = "WeatherUI", "WeatherUI\WeatherUI.csproj", "{D088F5B3-CAE4-4EEB-A1DB-48021C7C0639}"
EndProject
Global
	GlobalSection(SolutionConfigurationPlatforms) = preSolution
		Debug|Any CPU = Debug|Any CPU
		Release|Any CPU = Release|Any CPU
	EndGlobalSection
	GlobalSection(ProjectConfigurationPlatforms) = postSolution
		{D6D3C922-9F25-436E-BA64-F55C9C327D64}.Debug|Any CPU.ActiveCfg = Debug|Any CPU
		{D6D3C922-9F25-436E-BA64-F55C9C327D64}.Debug|Any CPU.Build.0 = Debug|Any CPU
		{D6D3C922-9F25-436E-BA64-F55C9C327D64}.Release|Any CPU.ActiveCfg = Release|Any CPU
		{D6D3C922-9F25-436E-BA64-F55C9C327D64}.Release|Any CPU.Build.0 = Release|Any CPU
		{D088F5B3-CAE4-4EEB-A1DB-48021C7C0639}.Debug|Any CPU.ActiveCfg = Debug|Any CPU
		{D088F5B3-CAE4-4EEB-A1DB-48021C7C0639}.Debug|Any CPU.Build.0 = Debug|Any CPU
		{D088F5B3-CAE4-4EEB-A1DB-48021C7C0639}.Release|Any CPU.ActiveCfg = Release|Any CPU
		{D088F5B3-CAE4-4EEB-A1DB-48021C7C0639}.Release|Any CPU.Build.0 = Release|Any CPU
	EndGlobalSection
	GlobalSection(SolutionProperties) = preSolution
		HideSolutionNode = FALSE
	EndGlobalSection
	GlobalSection(ExtensibilityGlobals) = postSolution
		SolutionGuid = {4575DEA8-F61A-4FBE-B641-059322F83E72}
	EndGlobalSection
EndGlobal
